// !$*UTF8*$!
{
	archiveVersion = 1;
	classes = {
	};
	objectVersion = 56;
	objects = {

/* Begin PBXBuildFile section */
		822E342F2A54F14E00F9D6F4 /* AppDelegate.m in Sources */ = {isa = PBXBuildFile; fileRef = 822E342E2A54F14E00F9D6F4 /* AppDelegate.m */; };
		822E34322A54F14E00F9D6F4 /* SceneDelegate.m in Sources */ = {isa = PBXBuildFile; fileRef = 822E34312A54F14E00F9D6F4 /* SceneDelegate.m */; };
		822E34352A54F14E00F9D6F4 /* ViewController.m in Sources */ = {isa = PBXBuildFile; fileRef = 822E34342A54F14E00F9D6F4 /* ViewController.m */; };
		822E34382A54F14E00F9D6F4 /* Main.storyboard in Resources */ = {isa = PBXBuildFile; fileRef = 822E34362A54F14E00F9D6F4 /* Main.storyboard */; };
		822E343A2A54F14F00F9D6F4 /* Assets.xcassets in Resources */ = {isa = PBXBuildFile; fileRef = 822E34392A54F14F00F9D6F4 /* Assets.xcassets */; };
		822E343D2A54F14F00F9D6F4 /* LaunchScreen.storyboard in Resources */ = {isa = PBXBuildFile; fileRef = 822E343B2A54F14F00F9D6F4 /* LaunchScreen.storyboard */; };
		822E34402A54F14F00F9D6F4 /* main.m in Sources */ = {isa = PBXBuildFile; fileRef = 822E343F2A54F14F00F9D6F4 /* main.m */; };
/* End PBXBuildFile section */

/* Begin PBXFileReference section */
		822E342A2A54F14E00F9D6F4 /* ObjcIosPokedex.app */ = {isa = PBXFileReference; explicitFileType = wrapper.application; includeInIndex = 0; path = ObjcIosPokedex.app; sourceTree = BUILT_PRODUCTS_DIR; };
		822E342D2A54F14E00F9D6F4 /* AppDelegate.h */ = {isa = PBXFileReference; lastKnownFileType = sourcecode.c.h; path = AppDelegate.h; sourceTree = "<group>"; };
		822E342E2A54F14E00F9D6F4 /* AppDelegate.m */ = {isa = PBXFileReference; lastKnownFileType = sourcecode.c.objc; path = AppDelegate.m; sourceTree = "<group>"; };
		822E34302A54F14E00F9D6F4 /* SceneDelegate.h */ = {isa = PBXFileReference; lastKnownFileType = sourcecode.c.h; path = SceneDelegate.h; sourceTree = "<group>"; };
		822E34312A54F14E00F9D6F4 /* SceneDelegate.m */ = {isa = PBXFileReference; lastKnownFileType = sourcecode.c.objc; path = SceneDelegate.m; sourceTree = "<group>"; };
		822E34332A54F14E00F9D6F4 /* ViewController.h */ = {isa = PBXFileReference; lastKnownFileType = sourcecode.c.h; path = ViewController.h; sourceTree = "<group>"; };
		822E34342A54F14E00F9D6F4 /* ViewController.m */ = {isa = PBXFileReference; lastKnownFileType = sourcecode.c.objc; path = ViewController.m; sourceTree = "<group>"; };
		822E34372A54F14E00F9D6F4 /* Base */ = {isa = PBXFileReference; lastKnownFileType = file.storyboard; name = Base; path = Base.lproj/Main.storyboard; sourceTree = "<group>"; };
		822E34392A54F14F00F9D6F4 /* Assets.xcassets */ = {isa = PBXFileReference; lastKnownFileType = folder.assetcatalog; path = Assets.xcassets; sourceTree = "<group>"; };
		822E343C2A54F14F00F9D6F4 /* Base */ = {isa = PBXFileReference; lastKnownFileType = file.storyboard; name = Base; path = Base.lproj/LaunchScreen.storyboard; sourceTree = "<group>"; };
		822E343E2A54F14F00F9D6F4 /* Info.plist */ = {isa = PBXFileReference; lastKnownFileType = text.plist.xml; path = Info.plist; sourceTree = "<group>"; };
		822E343F2A54F14F00F9D6F4 /* main.m */ = {isa = PBXFileReference; lastKnownFileType = sourcecode.c.objc; path = main.m; sourceTree = "<group>"; };
/* End PBXFileReference section */

/* Begin PBXFrameworksBuildPhase section */
		822E34272A54F14E00F9D6F4 /* Frameworks */ = {
			isa = PBXFrameworksBuildPhase;
			buildActionMask = 2147483647;
			files = (
			);
			runOnlyForDeploymentPostprocessing = 0;
		};
/* End PBXFrameworksBuildPhase section */

/* Begin PBXGroup section */
		822E34212A54F14E00F9D6F4 = {
			isa = PBXGroup;
			children = (
				822E342C2A54F14E00F9D6F4 /* ObjcIosPokedex */,
				822E342B2A54F14E00F9D6F4 /* Products */,
			);
			sourceTree = "<group>";
		};
		822E342B2A54F14E00F9D6F4 /* Products */ = {
			isa = PBXGroup;
			children = (
				822E342A2A54F14E00F9D6F4 /* ObjcIosPokedex.app */,
			);
			name = Products;
			sourceTree = "<group>";
		};
		822E342C2A54F14E00F9D6F4 /* ObjcIosPokedex */ = {
			isa = PBXGroup;
			children = (
				822E342D2A54F14E00F9D6F4 /* AppDelegate.h */,
				822E342E2A54F14E00F9D6F4 /* AppDelegate.m */,
				822E34302A54F14E00F9D6F4 /* SceneDelegate.h */,
				822E34312A54F14E00F9D6F4 /* SceneDelegate.m */,
				822E34332A54F14E00F9D6F4 /* ViewController.h */,
				822E34342A54F14E00F9D6F4 /* ViewController.m */,
				822E34362A54F14E00F9D6F4 /* Main.storyboard */,
				822E34392A54F14F00F9D6F4 /* Assets.xcassets */,
				822E343B2A54F14F00F9D6F4 /* LaunchScreen.storyboard */,
				822E343E2A54F14F00F9D6F4 /* Info.plist */,
				822E343F2A54F14F00F9D6F4 /* main.m */,
			);
			path = ObjcIosPokedex;
			sourceTree = "<group>";
		};
/* End PBXGroup section */

/* Begin PBXNativeTarget section */
		822E34292A54F14E00F9D6F4 /* ObjcIosPokedex */ = {
			isa = PBXNativeTarget;
			buildConfigurationList = 822E34432A54F14F00F9D6F4 /* Build configuration list for PBXNativeTarget "ObjcIosPokedex" */;
			buildPhases = (
				822E34262A54F14E00F9D6F4 /* Sources */,
				822E34272A54F14E00F9D6F4 /* Frameworks */,
				822E34282A54F14E00F9D6F4 /* Resources */,
			);
			buildRules = (
			);
			dependencies = (
			);
			name = ObjcIosPokedex;
			productName = ObjcIosPokedex;
			productReference = 822E342A2A54F14E00F9D6F4 /* ObjcIosPokedex.app */;
			productType = "com.apple.product-type.application";
		};
/* End PBXNativeTarget section */

/* Begin PBXProject section */
		822E34222A54F14E00F9D6F4 /* Project object */ = {
			isa = PBXProject;
			attributes = {
				BuildIndependentTargetsInParallel = 1;
				LastUpgradeCheck = 1420;
				TargetAttributes = {
					822E34292A54F14E00F9D6F4 = {
						CreatedOnToolsVersion = 14.2;
					};
				};
			};
			buildConfigurationList = 822E34252A54F14E00F9D6F4 /* Build configuration list for PBXProject "ObjcIosPokedex" */;
			compatibilityVersion = "Xcode 14.0";
			developmentRegion = en;
			hasScannedForEncodings = 0;
			knownRegions = (
				en,
				Base,
			);
			mainGroup = 822E34212A54F14E00F9D6F4;
			productRefGroup = 822E342B2A54F14E00F9D6F4 /* Products */;
			projectDirPath = "";
			projectRoot = "";
			targets = (
				822E34292A54F14E00F9D6F4 /* ObjcIosPokedex */,
			);
		};
/* End PBXProject section */

/* Begin PBXResourcesBuildPhase section */
		822E34282A54F14E00F9D6F4 /* Resources */ = {
			isa = PBXResourcesBuildPhase;
			buildActionMask = 2147483647;
			files = (
				822E343D2A54F14F00F9D6F4 /* LaunchScreen.storyboard in Resources */,
				822E343A2A54F14F00F9D6F4 /* Assets.xcassets in Resources */,
				822E34382A54F14E00F9D6F4 /* Main.storyboard in Resources */,
			);
			runOnlyForDeploymentPostprocessing = 0;
		};
/* End PBXResourcesBuildPhase section */

/* Begin PBXSourcesBuildPhase section */
		822E34262A54F14E00F9D6F4 /* Sources */ = {
			isa = PBXSourcesBuildPhase;
			buildActionMask = 2147483647;
			files = (
				822E34352A54F14E00F9D6F4 /* ViewController.m in Sources */,
				822E342F2A54F14E00F9D6F4 /* AppDelegate.m in Sources */,
				822E34402A54F14F00F9D6F4 /* main.m in Sources */,
				822E34322A54F14E00F9D6F4 /* SceneDelegate.m in Sources */,
			);
			runOnlyForDeploymentPostprocessing = 0;
		};
/* End PBXSourcesBuildPhase section */

/* Begin PBXVariantGroup section */
		822E34362A54F14E00F9D6F4 /* Main.storyboard */ = {
			isa = PBXVariantGroup;
			children = (
				822E34372A54F14E00F9D6F4 /* Base */,
			);
			name = Main.storyboard;
			sourceTree = "<group>";
		};
		822E343B2A54F14F00F9D6F4 /* LaunchScreen.storyboard */ = {
			isa = PBXVariantGroup;
			children = (
				822E343C2A54F14F00F9D6F4 /* Base */,
			);
			name = LaunchScreen.storyboard;
			sourceTree = "<group>";
		};
/* End PBXVariantGroup section */

/* Begin XCBuildConfiguration section */
		822E34412A54F14F00F9D6F4 /* Debug */ = {
			isa = XCBuildConfiguration;
			buildSettings = {
				ALWAYS_SEARCH_USER_PATHS = NO;
				CLANG_ANALYZER_NONNULL = YES;
				CLANG_ANALYZER_NUMBER_OBJECT_CONVERSION = YES_AGGRESSIVE;
				CLANG_CXX_LANGUAGE_STANDARD = "gnu++20";
				CLANG_ENABLE_MODULES = YES;
				CLANG_ENABLE_OBJC_ARC = YES;
				CLANG_ENABLE_OBJC_WEAK = YES;
				CLANG_WARN_BLOCK_CAPTURE_AUTORELEASING = YES;
				CLANG_WARN_BOOL_CONVERSION = YES;
				CLANG_WARN_COMMA = YES;
				CLANG_WARN_CONSTANT_CONVERSION = YES;
				CLANG_WARN_DEPRECATED_OBJC_IMPLEMENTATIONS = YES;
				CLANG_WARN_DIRECT_OBJC_ISA_USAGE = YES_ERROR;
				CLANG_WARN_DOCUMENTATION_COMMENTS = YES;
				CLANG_WARN_EMPTY_BODY = YES;
				CLANG_WARN_ENUM_CONVERSION = YES;
				CLANG_WARN_INFINITE_RECURSION = YES;
				CLANG_WARN_INT_CONVERSION = YES;
				CLANG_WARN_NON_LITERAL_NULL_CONVERSION = YES;
				CLANG_WARN_OBJC_IMPLICIT_RETAIN_SELF = YES;
				CLANG_WARN_OBJC_LITERAL_CONVERSION = YES;
				CLANG_WARN_OBJC_ROOT_CLASS = YES_ERROR;
				CLANG_WARN_QUOTED_INCLUDE_IN_FRAMEWORK_HEADER = YES;
				CLANG_WARN_RANGE_LOOP_ANALYSIS = YES;
				CLANG_WARN_STRICT_PROTOTYPES = YES;
				CLANG_WARN_SUSPICIOUS_MOVE = YES;
				CLANG_WARN_UNGUARDED_AVAILABILITY = YES_AGGRESSIVE;
				CLANG_WARN_UNREACHABLE_CODE = YES;
				CLANG_WARN__DUPLICATE_METHOD_MATCH = YES;
				COPY_PHASE_STRIP = NO;
				DEBUG_INFORMATION_FORMAT = dwarf;
				ENABLE_STRICT_OBJC_MSGSEND = YES;
				ENABLE_TESTABILITY = YES;
				GCC_C_LANGUAGE_STANDARD = gnu11;
				GCC_DYNAMIC_NO_PIC = NO;
				GCC_NO_COMMON_BLOCKS = YES;
				GCC_OPTIMIZATION_LEVEL = 0;
				GCC_PREPROCESSOR_DEFINITIONS = (
					"DEBUG=1",
					"$(inherited)",
				);
				GCC_WARN_64_TO_32_BIT_CONVERSION = YES;
				GCC_WARN_ABOUT_RETURN_TYPE = YES_ERROR;
				GCC_WARN_UNDECLARED_SELECTOR = YES;
				GCC_WARN_UNINITIALIZED_AUTOS = YES_AGGRESSIVE;
				GCC_WARN_UNUSED_FUNCTION = YES;
				GCC_WARN_UNUSED_VARIABLE = YES;
				IPHONEOS_DEPLOYMENT_TARGET = 16.2;
				MTL_ENABLE_DEBUG_INFO = INCLUDE_SOURCE;
				MTL_FAST_MATH = YES;
				ONLY_ACTIVE_ARCH = YES;
				SDKROOT = iphoneos;
			};
			name = Debug;
		};
		822E34422A54F14F00F9D6F4 /* Release */ = {
			isa = XCBuildConfiguration;
			buildSettings = {
				ALWAYS_SEARCH_USER_PATHS = NO;
				CLANG_ANALYZER_NONNULL = YES;
				CLANG_ANALYZER_NUMBER_OBJECT_CONVERSION = YES_AGGRESSIVE;
				CLANG_CXX_LANGUAGE_STANDARD = "gnu++20";
				CLANG_ENABLE_MODULES = YES;
				CLANG_ENABLE_OBJC_ARC = YES;
				CLANG_ENABLE_OBJC_WEAK = YES;
				CLANG_WARN_BLOCK_CAPTURE_AUTORELEASING = YES;
				CLANG_WARN_BOOL_CONVERSION = YES;
				CLANG_WARN_COMMA = YES;
				CLANG_WARN_CONSTANT_CONVERSION = YES;
				CLANG_WARN_DEPRECATED_OBJC_IMPLEMENTATIONS = YES;
				CLANG_WARN_DIRECT_OBJC_ISA_USAGE = YES_ERROR;
				CLANG_WARN_DOCUMENTATION_COMMENTS = YES;
				CLANG_WARN_EMPTY_BODY = YES;
				CLANG_WARN_ENUM_CONVERSION = YES;
				CLANG_WARN_INFINITE_RECURSION = YES;
				CLANG_WARN_INT_CONVERSION = YES;
				CLANG_WARN_NON_LITERAL_NULL_CONVERSION = YES;
				CLANG_WARN_OBJC_IMPLICIT_RETAIN_SELF = YES;
				CLANG_WARN_OBJC_LITERAL_CONVERSION = YES;
				CLANG_WARN_OBJC_ROOT_CLASS = YES_ERROR;
				CLANG_WARN_QUOTED_INCLUDE_IN_FRAMEWORK_HEADER = YES;
				CLANG_WARN_RANGE_LOOP_ANALYSIS = YES;
				CLANG_WARN_STRICT_PROTOTYPES = YES;
				CLANG_WARN_SUSPICIOUS_MOVE = YES;
				CLANG_WARN_UNGUARDED_AVAILABILITY = YES_AGGRESSIVE;
				CLANG_WARN_UNREACHABLE_CODE = YES;
				CLANG_WARN__DUPLICATE_METHOD_MATCH = YES;
				COPY_PHASE_STRIP = NO;
				DEBUG_INFORMATION_FORMAT = "dwarf-with-dsym";
				ENABLE_NS_ASSERTIONS = NO;
				ENABLE_STRICT_OBJC_MSGSEND = YES;
				GCC_C_LANGUAGE_STANDARD = gnu11;
				GCC_NO_COMMON_BLOCKS = YES;
				GCC_WARN_64_TO_32_BIT_CONVERSION = YES;
				GCC_WARN_ABOUT_RETURN_TYPE = YES_ERROR;
				GCC_WARN_UNDECLARED_SELECTOR = YES;
				GCC_WARN_UNINITIALIZED_AUTOS = YES_AGGRESSIVE;
				GCC_WARN_UNUSED_FUNCTION = YES;
				GCC_WARN_UNUSED_VARIABLE = YES;
				IPHONEOS_DEPLOYMENT_TARGET = 16.2;
				MTL_ENABLE_DEBUG_INFO = NO;
				MTL_FAST_MATH = YES;
				SDKROOT = iphoneos;
				VALIDATE_PRODUCT = YES;
			};
			name = Release;
		};
		822E34442A54F14F00F9D6F4 /* Debug */ = {
			isa = XCBuildConfiguration;
			buildSettings = {
				ASSETCATALOG_COMPILER_APPICON_NAME = AppIcon;
				ASSETCATALOG_COMPILER_GLOBAL_ACCENT_COLOR_NAME = AccentColor;
				CODE_SIGN_STYLE = Automatic;
				CURRENT_PROJECT_VERSION = 1;
				DEVELOPMENT_TEAM = 3NA2WB6L36;
				GENERATE_INFOPLIST_FILE = YES;
				INFOPLIST_FILE = ObjcIosPokedex/Info.plist;
				INFOPLIST_KEY_UIApplicationSupportsIndirectInputEvents = YES;
				INFOPLIST_KEY_UILaunchStoryboardName = LaunchScreen;
				INFOPLIST_KEY_UIMainStoryboardFile = Main;
				INFOPLIST_KEY_UISupportedInterfaceOrientations_iPad = "UIInterfaceOrientationPortrait UIInterfaceOrientationPortraitUpsideDown UIInterfaceOrientationLandscapeLeft UIInterfaceOrientationLandscapeRight";
				INFOPLIST_KEY_UISupportedInterfaceOrientations_iPhone = "UIInterfaceOrientationPortrait UIInterfaceOrientationLandscapeLeft UIInterfaceOrientationLandscapeRight";
				LD_RUNPATH_SEARCH_PATHS = (
					"$(inherited)",
					"@executable_path/Frameworks",
				);
				MARKETING_VERSION = 1.0;
				PRODUCT_BUNDLE_IDENTIFIER = com.thalesgelinger.ObjcIosPokedex;
				PRODUCT_NAME = "$(TARGET_NAME)";
				SWIFT_EMIT_LOC_STRINGS = YES;
				TARGETED_DEVICE_FAMILY = "1,2";
			};
			name = Debug;
		};
		822E34452A54F14F00F9D6F4 /* Release */ = {
			isa = XCBuildConfiguration;
			buildSettings = {
				ASSETCATALOG_COMPILER_APPICON_NAME = AppIcon;
				ASSETCATALOG_COMPILER_GLOBAL_ACCENT_COLOR_NAME = AccentColor;
				CODE_SIGN_STYLE = Automatic;
				CURRENT_PROJECT_VERSION = 1;
				DEVELOPMENT_TEAM = 3NA2WB6L36;
				GENERATE_INFOPLIST_FILE = YES;
				INFOPLIST_FILE = ObjcIosPokedex/Info.plist;
				INFOPLIST_KEY_UIApplicationSupportsIndirectInputEvents = YES;
				INFOPLIST_KEY_UILaunchStoryboardName = LaunchScreen;
				INFOPLIST_KEY_UIMainStoryboardFile = Main;
				INFOPLIST_KEY_UISupportedInterfaceOrientations_iPad = "UIInterfaceOrientationPortrait UIInterfaceOrientationPortraitUpsideDown UIInterfaceOrientationLandscapeLeft UIInterfaceOrientationLandscapeRight";
				INFOPLIST_KEY_UISupportedInterfaceOrientations_iPhone = "UIInterfaceOrientationPortrait UIInterfaceOrientationLandscapeLeft UIInterfaceOrientationLandscapeRight";
				LD_RUNPATH_SEARCH_PATHS = (
					"$(inherited)",
					"@executable_path/Frameworks",
				);
				MARKETING_VERSION = 1.0;
				PRODUCT_BUNDLE_IDENTIFIER = com.thalesgelinger.ObjcIosPokedex;
				PRODUCT_NAME = "$(TARGET_NAME)";
				SWIFT_EMIT_LOC_STRINGS = YES;
				TARGETED_DEVICE_FAMILY = "1,2";
			};
			name = Release;
		};
/* End XCBuildConfiguration section */

/* Begin XCConfigurationList section */
		822E34252A54F14E00F9D6F4 /* Build configuration list for PBXProject "ObjcIosPokedex" */ = {
			isa = XCConfigurationList;
			buildConfigurations = (
				822E34412A54F14F00F9D6F4 /* Debug */,
				822E34422A54F14F00F9D6F4 /* Release */,
			);
			defaultConfigurationIsVisible = 0;
			defaultConfigurationName = Release;
		};
		822E34432A54F14F00F9D6F4 /* Build configuration list for PBXNativeTarget "ObjcIosPokedex" */ = {
			isa = XCConfigurationList;
			buildConfigurations = (
				822E34442A54F14F00F9D6F4 /* Debug */,
				822E34452A54F14F00F9D6F4 /* Release */,
			);
			defaultConfigurationIsVisible = 0;
			defaultConfigurationName = Release;
		};
/* End XCConfigurationList section */
	};
	rootObject = 822E34222A54F14E00F9D6F4 /* Project object */;
}
