// !$*UTF8*$!
{
	archiveVersion = 1;
	classes = {
	};
	objectVersion = 56;
	objects = {

/* Begin PBXBuildFile section */
		69966EA38B5DAA0FBE93571A /* Colors.m in Sources */ = {isa = PBXBuildFile; fileRef = 444EDFD29E9BD9EBF7868E93 /* Colors.m */; };
		824389122A50B17300087CB4 /* AppDelegate.m in Sources */ = {isa = PBXBuildFile; fileRef = 824389112A50B17300087CB4 /* AppDelegate.m */; };
		824389152A50B17300087CB4 /* SceneDelegate.m in Sources */ = {isa = PBXBuildFile; fileRef = 824389142A50B17300087CB4 /* SceneDelegate.m */; };
		824389182A50B17300087CB4 /* ViewController.m in Sources */ = {isa = PBXBuildFile; fileRef = 824389172A50B17300087CB4 /* ViewController.m */; };
		8243891B2A50B17300087CB4 /* Main.storyboard in Resources */ = {isa = PBXBuildFile; fileRef = 824389192A50B17300087CB4 /* Main.storyboard */; };
		8243891D2A50B17400087CB4 /* Assets.xcassets in Resources */ = {isa = PBXBuildFile; fileRef = 8243891C2A50B17400087CB4 /* Assets.xcassets */; };
		824389202A50B17400087CB4 /* LaunchScreen.storyboard in Resources */ = {isa = PBXBuildFile; fileRef = 8243891E2A50B17400087CB4 /* LaunchScreen.storyboard */; };
		824389232A50B17400087CB4 /* main.m in Sources */ = {isa = PBXBuildFile; fileRef = 824389222A50B17400087CB4 /* main.m */; };
		82665DC12A5A30EE00903197 /* pokeball.png in Resources */ = {isa = PBXBuildFile; fileRef = 4D585A50FD2968633B54768C /* pokeball.png */; };
		8BA1C9B2F206F56BCB4D41B5 /* Icon.m in Sources */ = {isa = PBXBuildFile; fileRef = 21AB47F07F0DC6D7718E83C7 /* Icon.m */; };
		EDCF1DD8CC0502B158847FD3 /* Pods_IosPokedexOld.framework in Frameworks */ = {isa = PBXBuildFile; fileRef = 82A7C9A631BF2913D4228910 /* Pods_IosPokedexOld.framework */; };
/* End PBXBuildFile section */

/* Begin PBXFileReference section */
		21AB47F07F0DC6D7718E83C7 /* Icon.m */ = {isa = PBXFileReference; includeInIndex = 1; lastKnownFileType = sourcecode.c.objc; name = Icon.m; path = IosPokedexOld/Icon.m; sourceTree = "<group>"; };
		36B7C58D85CF7DCBC2DBBB56 /* Pods-IosPokedexOld.release.xcconfig */ = {isa = PBXFileReference; includeInIndex = 1; lastKnownFileType = text.xcconfig; name = "Pods-IosPokedexOld.release.xcconfig"; path = "Target Support Files/Pods-IosPokedexOld/Pods-IosPokedexOld.release.xcconfig"; sourceTree = "<group>"; };
		444EDFD29E9BD9EBF7868E93 /* Colors.m */ = {isa = PBXFileReference; includeInIndex = 1; lastKnownFileType = sourcecode.c.objc; name = Colors.m; path = IosPokedexOld/Colors.m; sourceTree = "<group>"; };
		4D585A50FD2968633B54768C /* pokeball.png */ = {isa = PBXFileReference; includeInIndex = 1; lastKnownFileType = image.png; path = pokeball.png; sourceTree = "<group>"; };
		8243890D2A50B17300087CB4 /* IosPokedexOld.app */ = {isa = PBXFileReference; explicitFileType = wrapper.application; includeInIndex = 0; path = IosPokedexOld.app; sourceTree = BUILT_PRODUCTS_DIR; };
		824389102A50B17300087CB4 /* AppDelegate.h */ = {isa = PBXFileReference; lastKnownFileType = sourcecode.c.h; path = AppDelegate.h; sourceTree = "<group>"; };
		824389112A50B17300087CB4 /* AppDelegate.m */ = {isa = PBXFileReference; lastKnownFileType = sourcecode.c.objc; path = AppDelegate.m; sourceTree = "<group>"; };
		824389132A50B17300087CB4 /* SceneDelegate.h */ = {isa = PBXFileReference; lastKnownFileType = sourcecode.c.h; path = SceneDelegate.h; sourceTree = "<group>"; };
		824389142A50B17300087CB4 /* SceneDelegate.m */ = {isa = PBXFileReference; lastKnownFileType = sourcecode.c.objc; path = SceneDelegate.m; sourceTree = "<group>"; };
		824389162A50B17300087CB4 /* ViewController.h */ = {isa = PBXFileReference; lastKnownFileType = sourcecode.c.h; path = ViewController.h; sourceTree = "<group>"; };
		824389172A50B17300087CB4 /* ViewController.m */ = {isa = PBXFileReference; lastKnownFileType = sourcecode.c.objc; path = ViewController.m; sourceTree = "<group>"; };
		8243891A2A50B17300087CB4 /* Base */ = {isa = PBXFileReference; lastKnownFileType = file.storyboard; name = Base; path = Base.lproj/Main.storyboard; sourceTree = "<group>"; };
		8243891C2A50B17400087CB4 /* Assets.xcassets */ = {isa = PBXFileReference; lastKnownFileType = folder.assetcatalog; path = Assets.xcassets; sourceTree = "<group>"; };
		8243891F2A50B17400087CB4 /* Base */ = {isa = PBXFileReference; lastKnownFileType = file.storyboard; name = Base; path = Base.lproj/LaunchScreen.storyboard; sourceTree = "<group>"; };
		824389212A50B17400087CB4 /* Info.plist */ = {isa = PBXFileReference; lastKnownFileType = text.plist.xml; path = Info.plist; sourceTree = "<group>"; };
		824389222A50B17400087CB4 /* main.m */ = {isa = PBXFileReference; lastKnownFileType = sourcecode.c.objc; path = main.m; sourceTree = "<group>"; };
		82A7C9A631BF2913D4228910 /* Pods_IosPokedexOld.framework */ = {isa = PBXFileReference; explicitFileType = wrapper.framework; includeInIndex = 0; path = Pods_IosPokedexOld.framework; sourceTree = BUILT_PRODUCTS_DIR; };
		C6BBB2D3ECD71E29FDF292D4 /* Pods-IosPokedexOld.debug.xcconfig */ = {isa = PBXFileReference; includeInIndex = 1; lastKnownFileType = text.xcconfig; name = "Pods-IosPokedexOld.debug.xcconfig"; path = "Target Support Files/Pods-IosPokedexOld/Pods-IosPokedexOld.debug.xcconfig"; sourceTree = "<group>"; };
/* End PBXFileReference section */

/* Begin PBXFrameworksBuildPhase section */
		8243890A2A50B17300087CB4 /* Frameworks */ = {
			isa = PBXFrameworksBuildPhase;
			buildActionMask = 2147483647;
			files = (
				EDCF1DD8CC0502B158847FD3 /* Pods_IosPokedexOld.framework in Frameworks */,
			);
			runOnlyForDeploymentPostprocessing = 0;
		};
/* End PBXFrameworksBuildPhase section */

/* Begin PBXGroup section */
		824389042A50B17300087CB4 = {
			isa = PBXGroup;
			children = (
				8243890F2A50B17300087CB4 /* IosPokedexOld */,
				8243890E2A50B17300087CB4 /* Products */,
				444EDFD29E9BD9EBF7868E93 /* Colors.m */,
				9D006F5D72219B09788516DF /* Pods */,
				85B6FF6F2DD1A03E381997CB /* Frameworks */,
				21AB47F07F0DC6D7718E83C7 /* Icon.m */,
			);
			sourceTree = "<group>";
		};
		8243890E2A50B17300087CB4 /* Products */ = {
			isa = PBXGroup;
			children = (
				8243890D2A50B17300087CB4 /* IosPokedexOld.app */,
			);
			name = Products;
			sourceTree = "<group>";
		};
		8243890F2A50B17300087CB4 /* IosPokedexOld */ = {
			isa = PBXGroup;
			children = (
				824389102A50B17300087CB4 /* AppDelegate.h */,
				824389112A50B17300087CB4 /* AppDelegate.m */,
				824389132A50B17300087CB4 /* SceneDelegate.h */,
				824389142A50B17300087CB4 /* SceneDelegate.m */,
				824389162A50B17300087CB4 /* ViewController.h */,
				824389172A50B17300087CB4 /* ViewController.m */,
				824389192A50B17300087CB4 /* Main.storyboard */,
				8243891C2A50B17400087CB4 /* Assets.xcassets */,
				8243891E2A50B17400087CB4 /* LaunchScreen.storyboard */,
				824389212A50B17400087CB4 /* Info.plist */,
				824389222A50B17400087CB4 /* main.m */,
				4D585A50FD2968633B54768C /* pokeball.png */,
			);
			path = IosPokedexOld;
			sourceTree = "<group>";
		};
		85B6FF6F2DD1A03E381997CB /* Frameworks */ = {
			isa = PBXGroup;
			children = (
				82A7C9A631BF2913D4228910 /* Pods_IosPokedexOld.framework */,
			);
			name = Frameworks;
			sourceTree = "<group>";
		};
		9D006F5D72219B09788516DF /* Pods */ = {
			isa = PBXGroup;
			children = (
				C6BBB2D3ECD71E29FDF292D4 /* Pods-IosPokedexOld.debug.xcconfig */,
				36B7C58D85CF7DCBC2DBBB56 /* Pods-IosPokedexOld.release.xcconfig */,
			);
			path = Pods;
			sourceTree = "<group>";
		};
/* End PBXGroup section */

/* Begin PBXNativeTarget section */
		8243890C2A50B17300087CB4 /* IosPokedexOld */ = {
			isa = PBXNativeTarget;
			buildConfigurationList = 824389262A50B17400087CB4 /* Build configuration list for PBXNativeTarget "IosPokedexOld" */;
			buildPhases = (
				712DE4D5D26D9190263219F2 /* [CP] Check Pods Manifest.lock */,
				824389092A50B17300087CB4 /* Sources */,
				8243890A2A50B17300087CB4 /* Frameworks */,
				8243890B2A50B17300087CB4 /* Resources */,
				0FF085EAB78BA2F902447422 /* [CP] Embed Pods Frameworks */,
			);
			buildRules = (
			);
			dependencies = (
			);
			name = IosPokedexOld;
			productName = IosPokedexOld;
			productReference = 8243890D2A50B17300087CB4 /* IosPokedexOld.app */;
			productType = "com.apple.product-type.application";
		};
/* End PBXNativeTarget section */

/* Begin PBXProject section */
		824389052A50B17300087CB4 /* Project object */ = {
			isa = PBXProject;
			attributes = {
				BuildIndependentTargetsInParallel = 1;
				LastUpgradeCheck = 1420;
				TargetAttributes = {
					8243890C2A50B17300087CB4 = {
						CreatedOnToolsVersion = 14.2;
					};
				};
			};
			buildConfigurationList = 824389082A50B17300087CB4 /* Build configuration list for PBXProject "IosPokedexOld" */;
			compatibilityVersion = "Xcode 14.0";
			developmentRegion = en;
			hasScannedForEncodings = 0;
			knownRegions = (
				en,
				Base,
			);
			mainGroup = 824389042A50B17300087CB4;
			productRefGroup = 8243890E2A50B17300087CB4 /* Products */;
			projectDirPath = "";
			projectRoot = "";
			targets = (
				8243890C2A50B17300087CB4 /* IosPokedexOld */,
			);
		};
/* End PBXProject section */

/* Begin PBXResourcesBuildPhase section */
		8243890B2A50B17300087CB4 /* Resources */ = {
			isa = PBXResourcesBuildPhase;
			buildActionMask = 2147483647;
			files = (
				824389202A50B17400087CB4 /* LaunchScreen.storyboard in Resources */,
				82665DC12A5A30EE00903197 /* pokeball.png in Resources */,
				8243891D2A50B17400087CB4 /* Assets.xcassets in Resources */,
				8243891B2A50B17300087CB4 /* Main.storyboard in Resources */,
			);
			runOnlyForDeploymentPostprocessing = 0;
		};
/* End PBXResourcesBuildPhase section */

/* Begin PBXShellScriptBuildPhase section */
		0FF085EAB78BA2F902447422 /* [CP] Embed Pods Frameworks */ = {
			isa = PBXShellScriptBuildPhase;
			buildActionMask = 2147483647;
			files = (
			);
			inputFileListPaths = (
				"${PODS_ROOT}/Target Support Files/Pods-IosPokedexOld/Pods-IosPokedexOld-frameworks-${CONFIGURATION}-input-files.xcfilelist",
			);
			name = "[CP] Embed Pods Frameworks";
			outputFileListPaths = (
				"${PODS_ROOT}/Target Support Files/Pods-IosPokedexOld/Pods-IosPokedexOld-frameworks-${CONFIGURATION}-output-files.xcfilelist",
			);
			runOnlyForDeploymentPostprocessing = 0;
			shellPath = /bin/sh;
			shellScript = "\"${PODS_ROOT}/Target Support Files/Pods-IosPokedexOld/Pods-IosPokedexOld-frameworks.sh\"\n";
			showEnvVarsInLog = 0;
		};
		712DE4D5D26D9190263219F2 /* [CP] Check Pods Manifest.lock */ = {
			isa = PBXShellScriptBuildPhase;
			buildActionMask = 2147483647;
			files = (
			);
			inputFileListPaths = (
			);
			inputPaths = (
				"${PODS_PODFILE_DIR_PATH}/Podfile.lock",
				"${PODS_ROOT}/Manifest.lock",
			);
			name = "[CP] Check Pods Manifest.lock";
			outputFileListPaths = (
			);
			outputPaths = (
				"$(DERIVED_FILE_DIR)/Pods-IosPokedexOld-checkManifestLockResult.txt",
			);
			runOnlyForDeploymentPostprocessing = 0;
			shellPath = /bin/sh;
			shellScript = "diff \"${PODS_PODFILE_DIR_PATH}/Podfile.lock\" \"${PODS_ROOT}/Manifest.lock\" > /dev/null\nif [ $? != 0 ] ; then\n    # print error to STDERR\n    echo \"error: The sandbox is not in sync with the Podfile.lock. Run 'pod install' or update your CocoaPods installation.\" >&2\n    exit 1\nfi\n# This output is used by Xcode 'outputs' to avoid re-running this script phase.\necho \"SUCCESS\" > \"${SCRIPT_OUTPUT_FILE_0}\"\n";
			showEnvVarsInLog = 0;
		};
/* End PBXShellScriptBuildPhase section */

/* Begin PBXSourcesBuildPhase section */
		824389092A50B17300087CB4 /* Sources */ = {
			isa = PBXSourcesBuildPhase;
			buildActionMask = 2147483647;
			files = (
				824389182A50B17300087CB4 /* ViewController.m in Sources */,
				824389122A50B17300087CB4 /* AppDelegate.m in Sources */,
				824389232A50B17400087CB4 /* main.m in Sources */,
				824389152A50B17300087CB4 /* SceneDelegate.m in Sources */,
				69966EA38B5DAA0FBE93571A /* Colors.m in Sources */,
				8BA1C9B2F206F56BCB4D41B5 /* Icon.m in Sources */,
			);
			runOnlyForDeploymentPostprocessing = 0;
		};
/* End PBXSourcesBuildPhase section */

/* Begin PBXVariantGroup section */
		824389192A50B17300087CB4 /* Main.storyboard */ = {
			isa = PBXVariantGroup;
			children = (
				8243891A2A50B17300087CB4 /* Base */,
			);
			name = Main.storyboard;
			sourceTree = "<group>";
		};
		8243891E2A50B17400087CB4 /* LaunchScreen.storyboard */ = {
			isa = PBXVariantGroup;
			children = (
				8243891F2A50B17400087CB4 /* Base */,
			);
			name = LaunchScreen.storyboard;
			sourceTree = "<group>";
		};
/* End PBXVariantGroup section */

/* Begin XCBuildConfiguration section */
		824389242A50B17400087CB4 /* Debug */ = {
			isa = XCBuildConfiguration;
			buildSettings = {
				ALWAYS_SEARCH_USER_PATHS = NO;
				CLANG_ANALYZER_NONNULL = YES;
				CLANG_ANALYZER_NUMBER_OBJECT_CONVERSION = YES_AGGRESSIVE;
				CLANG_CXX_LANGUAGE_STANDARD = "gnu++20";
				CLANG_ENABLE_MODULES = YES;
				CLANG_ENABLE_OBJC_ARC = YES;
				CLANG_ENABLE_OBJC_WEAK = YES;
				CLANG_WARN_BLOCK_CAPTURE_AUTORELEASING = YES;
				CLANG_WARN_BOOL_CONVERSION = YES;
				CLANG_WARN_COMMA = YES;
				CLANG_WARN_CONSTANT_CONVERSION = YES;
				CLANG_WARN_DEPRECATED_OBJC_IMPLEMENTATIONS = YES;
				CLANG_WARN_DIRECT_OBJC_ISA_USAGE = YES_ERROR;
				CLANG_WARN_DOCUMENTATION_COMMENTS = YES;
				CLANG_WARN_EMPTY_BODY = YES;
				CLANG_WARN_ENUM_CONVERSION = YES;
				CLANG_WARN_INFINITE_RECURSION = YES;
				CLANG_WARN_INT_CONVERSION = YES;
				CLANG_WARN_NON_LITERAL_NULL_CONVERSION = YES;
				CLANG_WARN_OBJC_IMPLICIT_RETAIN_SELF = YES;
				CLANG_WARN_OBJC_LITERAL_CONVERSION = YES;
				CLANG_WARN_OBJC_ROOT_CLASS = YES_ERROR;
				CLANG_WARN_QUOTED_INCLUDE_IN_FRAMEWORK_HEADER = YES;
				CLANG_WARN_RANGE_LOOP_ANALYSIS = YES;
				CLANG_WARN_STRICT_PROTOTYPES = YES;
				CLANG_WARN_SUSPICIOUS_MOVE = YES;
				CLANG_WARN_UNGUARDED_AVAILABILITY = YES_AGGRESSIVE;
				CLANG_WARN_UNREACHABLE_CODE = YES;
				CLANG_WARN__DUPLICATE_METHOD_MATCH = YES;
				COPY_PHASE_STRIP = NO;
				DEBUG_INFORMATION_FORMAT = dwarf;
				ENABLE_STRICT_OBJC_MSGSEND = YES;
				ENABLE_TESTABILITY = YES;
				GCC_C_LANGUAGE_STANDARD = gnu11;
				GCC_DYNAMIC_NO_PIC = NO;
				GCC_NO_COMMON_BLOCKS = YES;
				GCC_OPTIMIZATION_LEVEL = 0;
				GCC_PREPROCESSOR_DEFINITIONS = (
					"DEBUG=1",
					"$(inherited)",
				);
				GCC_WARN_64_TO_32_BIT_CONVERSION = YES;
				GCC_WARN_ABOUT_RETURN_TYPE = YES_ERROR;
				GCC_WARN_UNDECLARED_SELECTOR = YES;
				GCC_WARN_UNINITIALIZED_AUTOS = YES_AGGRESSIVE;
				GCC_WARN_UNUSED_FUNCTION = YES;
				GCC_WARN_UNUSED_VARIABLE = YES;
				IPHONEOS_DEPLOYMENT_TARGET = 16.2;
				MTL_ENABLE_DEBUG_INFO = INCLUDE_SOURCE;
				MTL_FAST_MATH = YES;
				ONLY_ACTIVE_ARCH = YES;
				SDKROOT = iphoneos;
			};
			name = Debug;
		};
		824389252A50B17400087CB4 /* Release */ = {
			isa = XCBuildConfiguration;
			buildSettings = {
				ALWAYS_SEARCH_USER_PATHS = NO;
				CLANG_ANALYZER_NONNULL = YES;
				CLANG_ANALYZER_NUMBER_OBJECT_CONVERSION = YES_AGGRESSIVE;
				CLANG_CXX_LANGUAGE_STANDARD = "gnu++20";
				CLANG_ENABLE_MODULES = YES;
				CLANG_ENABLE_OBJC_ARC = YES;
				CLANG_ENABLE_OBJC_WEAK = YES;
				CLANG_WARN_BLOCK_CAPTURE_AUTORELEASING = YES;
				CLANG_WARN_BOOL_CONVERSION = YES;
				CLANG_WARN_COMMA = YES;
				CLANG_WARN_CONSTANT_CONVERSION = YES;
				CLANG_WARN_DEPRECATED_OBJC_IMPLEMENTATIONS = YES;
				CLANG_WARN_DIRECT_OBJC_ISA_USAGE = YES_ERROR;
				CLANG_WARN_DOCUMENTATION_COMMENTS = YES;
				CLANG_WARN_EMPTY_BODY = YES;
				CLANG_WARN_ENUM_CONVERSION = YES;
				CLANG_WARN_INFINITE_RECURSION = YES;
				CLANG_WARN_INT_CONVERSION = YES;
				CLANG_WARN_NON_LITERAL_NULL_CONVERSION = YES;
				CLANG_WARN_OBJC_IMPLICIT_RETAIN_SELF = YES;
				CLANG_WARN_OBJC_LITERAL_CONVERSION = YES;
				CLANG_WARN_OBJC_ROOT_CLASS = YES_ERROR;
				CLANG_WARN_QUOTED_INCLUDE_IN_FRAMEWORK_HEADER = YES;
				CLANG_WARN_RANGE_LOOP_ANALYSIS = YES;
				CLANG_WARN_STRICT_PROTOTYPES = YES;
				CLANG_WARN_SUSPICIOUS_MOVE = YES;
				CLANG_WARN_UNGUARDED_AVAILABILITY = YES_AGGRESSIVE;
				CLANG_WARN_UNREACHABLE_CODE = YES;
				CLANG_WARN__DUPLICATE_METHOD_MATCH = YES;
				COPY_PHASE_STRIP = NO;
				DEBUG_INFORMATION_FORMAT = "dwarf-with-dsym";
				ENABLE_NS_ASSERTIONS = NO;
				ENABLE_STRICT_OBJC_MSGSEND = YES;
				GCC_C_LANGUAGE_STANDARD = gnu11;
				GCC_NO_COMMON_BLOCKS = YES;
				GCC_WARN_64_TO_32_BIT_CONVERSION = YES;
				GCC_WARN_ABOUT_RETURN_TYPE = YES_ERROR;
				GCC_WARN_UNDECLARED_SELECTOR = YES;
				GCC_WARN_UNINITIALIZED_AUTOS = YES_AGGRESSIVE;
				GCC_WARN_UNUSED_FUNCTION = YES;
				GCC_WARN_UNUSED_VARIABLE = YES;
				IPHONEOS_DEPLOYMENT_TARGET = 16.2;
				MTL_ENABLE_DEBUG_INFO = NO;
				MTL_FAST_MATH = YES;
				SDKROOT = iphoneos;
				VALIDATE_PRODUCT = YES;
			};
			name = Release;
		};
		824389272A50B17400087CB4 /* Debug */ = {
			isa = XCBuildConfiguration;
			baseConfigurationReference = C6BBB2D3ECD71E29FDF292D4 /* Pods-IosPokedexOld.debug.xcconfig */;
			buildSettings = {
				ASSETCATALOG_COMPILER_APPICON_NAME = AppIcon;
				ASSETCATALOG_COMPILER_GLOBAL_ACCENT_COLOR_NAME = AccentColor;
				CODE_SIGN_STYLE = Automatic;
				CURRENT_PROJECT_VERSION = 1;
				DEVELOPMENT_TEAM = 3NA2WB6L36;
				GENERATE_INFOPLIST_FILE = YES;
				INFOPLIST_FILE = IosPokedexOld/Info.plist;
				INFOPLIST_KEY_UIApplicationSupportsIndirectInputEvents = YES;
				INFOPLIST_KEY_UILaunchStoryboardName = LaunchScreen;
				INFOPLIST_KEY_UIMainStoryboardFile = Main;
				INFOPLIST_KEY_UISupportedInterfaceOrientations_iPad = "UIInterfaceOrientationPortrait UIInterfaceOrientationPortraitUpsideDown UIInterfaceOrientationLandscapeLeft UIInterfaceOrientationLandscapeRight";
				INFOPLIST_KEY_UISupportedInterfaceOrientations_iPhone = "UIInterfaceOrientationPortrait UIInterfaceOrientationLandscapeLeft UIInterfaceOrientationLandscapeRight";
				LD_RUNPATH_SEARCH_PATHS = (
					"$(inherited)",
					"@executable_path/Frameworks",
				);
				MARKETING_VERSION = 1.0;
				PRODUCT_BUNDLE_IDENTIFIER = gelinger.IosPokedexOld;
				PRODUCT_NAME = "$(TARGET_NAME)";
				SWIFT_EMIT_LOC_STRINGS = YES;
				TARGETED_DEVICE_FAMILY = "1,2";
			};
			name = Debug;
		};
		824389282A50B17400087CB4 /* Release */ = {
			isa = XCBuildConfiguration;
			baseConfigurationReference = 36B7C58D85CF7DCBC2DBBB56 /* Pods-IosPokedexOld.release.xcconfig */;
			buildSettings = {
				ASSETCATALOG_COMPILER_APPICON_NAME = AppIcon;
				ASSETCATALOG_COMPILER_GLOBAL_ACCENT_COLOR_NAME = AccentColor;
				CODE_SIGN_STYLE = Automatic;
				CURRENT_PROJECT_VERSION = 1;
				DEVELOPMENT_TEAM = 3NA2WB6L36;
				GENERATE_INFOPLIST_FILE = YES;
				INFOPLIST_FILE = IosPokedexOld/Info.plist;
				INFOPLIST_KEY_UIApplicationSupportsIndirectInputEvents = YES;
				INFOPLIST_KEY_UILaunchStoryboardName = LaunchScreen;
				INFOPLIST_KEY_UIMainStoryboardFile = Main;
				INFOPLIST_KEY_UISupportedInterfaceOrientations_iPad = "UIInterfaceOrientationPortrait UIInterfaceOrientationPortraitUpsideDown UIInterfaceOrientationLandscapeLeft UIInterfaceOrientationLandscapeRight";
				INFOPLIST_KEY_UISupportedInterfaceOrientations_iPhone = "UIInterfaceOrientationPortrait UIInterfaceOrientationLandscapeLeft UIInterfaceOrientationLandscapeRight";
				LD_RUNPATH_SEARCH_PATHS = (
					"$(inherited)",
					"@executable_path/Frameworks",
				);
				MARKETING_VERSION = 1.0;
				PRODUCT_BUNDLE_IDENTIFIER = gelinger.IosPokedexOld;
				PRODUCT_NAME = "$(TARGET_NAME)";
				SWIFT_EMIT_LOC_STRINGS = YES;
				TARGETED_DEVICE_FAMILY = "1,2";
			};
			name = Release;
		};
/* End XCBuildConfiguration section */

/* Begin XCConfigurationList section */
		824389082A50B17300087CB4 /* Build configuration list for PBXProject "IosPokedexOld" */ = {
			isa = XCConfigurationList;
			buildConfigurations = (
				824389242A50B17400087CB4 /* Debug */,
				824389252A50B17400087CB4 /* Release */,
			);
			defaultConfigurationIsVisible = 0;
			defaultConfigurationName = Release;
		};
		824389262A50B17400087CB4 /* Build configuration list for PBXNativeTarget "IosPokedexOld" */ = {
			isa = XCConfigurationList;
			buildConfigurations = (
				824389272A50B17400087CB4 /* Debug */,
				824389282A50B17400087CB4 /* Release */,
			);
			defaultConfigurationIsVisible = 0;
			defaultConfigurationName = Release;
		};
/* End XCConfigurationList section */
	};
	rootObject = 824389052A50B17300087CB4 /* Project object */;
}
